
Microsoft Visual Studio Solution File, Format Version 12.00
# Visual Studio Version 16
VisualStudioVersion = 16.0.29806.167
MinimumVisualStudioVersion = 10.0.40219.1
Project("{FAE04EC0-301F-11D3-BF4B-00C04F79EFBC}") = "ImageRenamer.Wpf", "ImageRenamer.Wpf\ImageRenamer.Wpf.csproj", "{F607679F-96EB-4C59-B896-55953B9B25B9}"
EndProject
Project("{9A19103F-16F7-4668-BE54-9A1E7A4F7556}") = "ImageRenamer.Common", "ImageRenamer.Common\ImageRenamer.Common.csproj", "{A99FC577-AD31-4569-8D57-D3126B53F682}"
EndProject
Project("{FAE04EC0-301F-11D3-BF4B-00C04F79EFBC}") = "ImageRenamer.Mac", "ImageRenamer.Mac\ImageRenamer.Mac.csproj", "{89170946-03BA-4AF4-A5C7-47E5DA32FE41}"
EndProject
Global
	GlobalSection(SolutionConfigurationPlatforms) = preSolution
		Debug|Any CPU = Debug|Any CPU
		Release|Any CPU = Release|Any CPU
	EndGlobalSection
	GlobalSection(ProjectConfigurationPlatforms) = postSolution
		{F607679F-96EB-4C59-B896-55953B9B25B9}.Debug|Any CPU.ActiveCfg = Debug|Any CPU
		{F607679F-96EB-4C59-B896-55953B9B25B9}.Debug|Any CPU.Build.0 = Debug|Any CPU
		{F607679F-96EB-4C59-B896-55953B9B25B9}.Release|Any CPU.ActiveCfg = Release|Any CPU
		{F607679F-96EB-4C59-B896-55953B9B25B9}.Release|Any CPU.Build.0 = Release|Any CPU
		{A99FC577-AD31-4569-8D57-D3126B53F682}.Debug|Any CPU.ActiveCfg = Debug|Any CPU
		{A99FC577-AD31-4569-8D57-D3126B53F682}.Debug|Any CPU.Build.0 = Debug|Any CPU
		{A99FC577-AD31-4569-8D57-D3126B53F682}.Release|Any CPU.ActiveCfg = Release|Any CPU
		{A99FC577-AD31-4569-8D57-D3126B53F682}.Release|Any CPU.Build.0 = Release|Any CPU
		{89170946-03BA-4AF4-A5C7-47E5DA32FE41}.Debug|Any CPU.ActiveCfg = Debug|Any CPU
		{89170946-03BA-4AF4-A5C7-47E5DA32FE41}.Debug|Any CPU.Build.0 = Debug|Any CPU
		{89170946-03BA-4AF4-A5C7-47E5DA32FE41}.Release|Any CPU.ActiveCfg = Release|Any CPU
		{89170946-03BA-4AF4-A5C7-47E5DA32FE41}.Release|Any CPU.Build.0 = Release|Any CPU
	EndGlobalSection
	GlobalSection(SolutionProperties) = preSolution
		HideSolutionNode = FALSE
	EndGlobalSection
	GlobalSection(ExtensibilityGlobals) = postSolution
		SolutionGuid = {2D381423-9778-4F96-9C35-F5D4CB0B8522}
	EndGlobalSection
EndGlobal
